{
	"name": "TetSim",
	"lockfileVersion": 2,
	"requires": true,
	"packages": {
		"": {
			"dependencies": {
				"esbuild": "^0.11.20",
				"three": "^0.160.0"
			}
		},
		"node_modules/esbuild": {
			"version": "0.11.20",
			"resolved": "https://registry.npmjs.org/esbuild/-/esbuild-0.11.20.tgz",
			"integrity": "sha512-QOZrVpN/Yz74xfat0H6euSgn3RnwLevY1mJTEXneukz1ln9qB+ieaerRMzSeETpz/UJWsBMzRVR/andBht5WKw==",
			"hasInstallScript": true,
			"bin": {
				"esbuild": "bin/esbuild"
			}
		},
		"node_modules/three": {
			"version": "0.160.0",
			"resolved": "https://registry.npmjs.org/three/-/three-0.160.0.tgz",
			"integrity": "sha512-DLU8lc0zNIPkM7rH5/e1Ks1Z8tWCGRq6g8mPowdDJpw1CFBJMU7UoJjC6PefXW7z//SSl0b2+GCw14LB+uDhng=="
		}
	},
	"dependencies": {
		"esbuild": {
			"version": "0.11.20",
			"resolved": "https://registry.npmjs.org/esbuild/-/esbuild-0.11.20.tgz",
			"integrity": "sha512-QOZrVpN/Yz74xfat0H6euSgn3RnwLevY1mJTEXneukz1ln9qB+ieaerRMzSeETpz/UJWsBMzRVR/andBht5WKw=="
		},
		"three": {
			"version": "0.160.0",
			"resolved": "https://registry.npmjs.org/three/-/three-0.160.0.tgz",
			"integrity": "sha512-DLU8lc0zNIPkM7rH5/e1Ks1Z8tWCGRq6g8mPowdDJpw1CFBJMU7UoJjC6PefXW7z//SSl0b2+GCw14LB+uDhng=="
		}
	}
}
