{
	"name": "TetSim",
	"lockfileVersion": 2,
	"requires": true,
	"packages": {
		"": {
			"dependencies": {
				"esbuild": "^0.11.20",
				"three": "^0.133.0"
			}
		},
		"node_modules/esbuild": {
			"version": "0.11.20",
			"resolved": "https://registry.npmjs.org/esbuild/-/esbuild-0.11.20.tgz",
			"integrity": "sha512-QOZrVpN/Yz74xfat0H6euSgn3RnwLevY1mJTEXneukz1ln9qB+ieaerRMzSeETpz/UJWsBMzRVR/andBht5WKw==",
			"hasInstallScript": true,
			"bin": {
				"esbuild": "bin/esbuild"
			}
		},
		"node_modules/three": {
			"version": "0.133.1",
			"resolved": "https://registry.npmjs.org/three/-/three-0.133.1.tgz",
			"integrity": "sha512-WydohO8ll949B0FTD6MGz59Yv2Lwj8hvObg/0Heh2r42S6+tQC1WByfCNRdmG4D7+odfGod+n8JPV1I2xrboWw=="
		}
	},
	"dependencies": {
		"esbuild": {
			"version": "0.11.20",
			"resolved": "https://registry.npmjs.org/esbuild/-/esbuild-0.11.20.tgz",
			"integrity": "sha512-QOZrVpN/Yz74xfat0H6euSgn3RnwLevY1mJTEXneukz1ln9qB+ieaerRMzSeETpz/UJWsBMzRVR/andBht5WKw=="
		},
		"three": {
			"version": "0.133.1",
			"resolved": "https://registry.npmjs.org/three/-/three-0.133.1.tgz",
			"integrity": "sha512-WydohO8ll949B0FTD6MGz59Yv2Lwj8hvObg/0Heh2r42S6+tQC1WByfCNRdmG4D7+odfGod+n8JPV1I2xrboWw=="
		}
	}
}
