{
	"name": "TetSim",
	"lockfileVersion": 2,
	"requires": true,
	"packages": {
		"": {
			"dependencies": {
				"esbuild": "^0.11.20",
				"three": "^0.151.0"
			}
		},
		"node_modules/esbuild": {
			"version": "0.11.20",
			"resolved": "https://registry.npmjs.org/esbuild/-/esbuild-0.11.20.tgz",
			"integrity": "sha512-QOZrVpN/Yz74xfat0H6euSgn3RnwLevY1mJTEXneukz1ln9qB+ieaerRMzSeETpz/UJWsBMzRVR/andBht5WKw==",
			"hasInstallScript": true,
			"bin": {
				"esbuild": "bin/esbuild"
			}
		},
		"node_modules/three": {
			"version": "0.151.0",
			"resolved": "https://registry.npmjs.org/three/-/three-0.151.0.tgz",
			"integrity": "sha512-ZvjJbNhZ/t0L8I36tc1I1ZP9j1q42ANE9WTlR+P3lZfOzlSfNa5VfR1rZRHNyjn/ZPP4kU7xGI1v8QSJOpxE4w=="
		}
	},
	"dependencies": {
		"esbuild": {
			"version": "0.11.20",
			"resolved": "https://registry.npmjs.org/esbuild/-/esbuild-0.11.20.tgz",
			"integrity": "sha512-QOZrVpN/Yz74xfat0H6euSgn3RnwLevY1mJTEXneukz1ln9qB+ieaerRMzSeETpz/UJWsBMzRVR/andBht5WKw=="
		},
		"three": {
			"version": "0.151.0",
			"resolved": "https://registry.npmjs.org/three/-/three-0.151.0.tgz",
			"integrity": "sha512-ZvjJbNhZ/t0L8I36tc1I1ZP9j1q42ANE9WTlR+P3lZfOzlSfNa5VfR1rZRHNyjn/ZPP4kU7xGI1v8QSJOpxE4w=="
		}
	}
}
